
Microsoft Visual Studio Solution File, Format Version 12.00
# Visual Studio Version 16
VisualStudioVersion = 16.0.31702.278
MinimumVisualStudioVersion = 10.0.40219.1
Project("{FAE04EC0-301F-11D3-BF4B-00C04F79EFBC}") = "Formulario", "Formulario\Formulario.csproj", "{D829716D-3405-4C62-BF0B-64598F6A7276}"
EndProject
Global
	GlobalSection(SolutionConfigurationPlatforms) = preSolution
		Debug|Any CPU = Debug|Any CPU
		Release|Any CPU = Release|Any CPU
	EndGlobalSection
	GlobalSection(ProjectConfigurationPlatforms) = postSolution
		{D829716D-3405-4C62-BF0B-64598F6A7276}.Debug|Any CPU.ActiveCfg = Debug|Any CPU
		{D829716D-3405-4C62-BF0B-64598F6A7276}.Debug|Any CPU.Build.0 = Debug|Any CPU
		{D829716D-3405-4C62-BF0B-64598F6A7276}.Release|Any CPU.ActiveCfg = Release|Any CPU
		{D829716D-3405-4C62-BF0B-64598F6A7276}.Release|Any CPU.Build.0 = Release|Any CPU
	EndGlobalSection
	GlobalSection(SolutionProperties) = preSolution
		HideSolutionNode = FALSE
	EndGlobalSection
	GlobalSection(ExtensibilityGlobals) = postSolution
		SolutionGuid = {158B2FBA-1090-4BCC-A78D-68AAC0A27ACE}
	EndGlobalSection
EndGlobal
